// !$*UTF8*$!
{
	archiveVersion = 1;
	classes = {
	};
	objectVersion = 46;
	objects = {

/* Begin PBXBuildFile section */
		053AFD87165D2926000E6693 /* search_icon.png in Resources */ = {isa = PBXBuildFile; fileRef = 053AFD85165D2926000E6693 /* search_icon.png */; };
		053AFD88165D2926000E6693 /* search_icon@2x.png in Resources */ = {isa = PBXBuildFile; fileRef = 053AFD86165D2926000E6693 /* search_icon@2x.png */; };
		053AFD8D165D2F3B000E6693 /* search_btn_highlighted.png in Resources */ = {isa = PBXBuildFile; fileRef = 053AFD89165D2F3B000E6693 /* search_btn_highlighted.png */; };
		053AFD8E165D2F3B000E6693 /* search_btn_highlighted@2x.png in Resources */ = {isa = PBXBuildFile; fileRef = 053AFD8A165D2F3B000E6693 /* search_btn_highlighted@2x.png */; };
		053AFD8F165D2F3B000E6693 /* search_btn.png in Resources */ = {isa = PBXBuildFile; fileRef = 053AFD8B165D2F3B000E6693 /* search_btn.png */; };
		053AFD90165D2F3B000E6693 /* search_btn@2x.png in Resources */ = {isa = PBXBuildFile; fileRef = 053AFD8C165D2F3B000E6693 /* search_btn@2x.png */; };
		0568007B165E2D560005D3C7 /* CHPSearchTableViewController.m in Sources */ = {isa = PBXBuildFile; fileRef = 0568007A165E2D560005D3C7 /* CHPSearchTableViewController.m */; };
		05680083165E6A2F0005D3C7 /* CHPSearchTableViewCell.m in Sources */ = {isa = PBXBuildFile; fileRef = 05680082165E6A2F0005D3C7 /* CHPSearchTableViewCell.m */; };
		05680086165E6F1B0005D3C7 /* search_ok.png in Resources */ = {isa = PBXBuildFile; fileRef = 05680084165E6F1B0005D3C7 /* search_ok.png */; };
		05680087165E6F1B0005D3C7 /* search_ok@2x.png in Resources */ = {isa = PBXBuildFile; fileRef = 05680085165E6F1B0005D3C7 /* search_ok@2x.png */; };
		056C07E916554198005D5D5D /* CHPYoneticilerKategoriViewController.m in Sources */ = {isa = PBXBuildFile; fileRef = 056C07E816554198005D5D5D /* CHPYoneticilerKategoriViewController.m */; };
		056C07ED1655487B005D5D5D /* CHPYoneticilerDetailViewController.m in Sources */ = {isa = PBXBuildFile; fileRef = 056C07EC1655487B005D5D5D /* CHPYoneticilerDetailViewController.m */; };
		0578DB631656451A00131BD8 /* chp_logo.png in Resources */ = {isa = PBXBuildFile; fileRef = 0578DB621656451A00131BD8 /* chp_logo.png */; };
		0578DB671656454100131BD8 /* header_bg@2x.png in Resources */ = {isa = PBXBuildFile; fileRef = 0578DB641656454100131BD8 /* header_bg@2x.png */; };
		0578DB681656454100131BD8 /* header_shadow.png in Resources */ = {isa = PBXBuildFile; fileRef = 0578DB651656454100131BD8 /* header_shadow.png */; };
		0578DB691656454100131BD8 /* header_shadow@2x.png in Resources */ = {isa = PBXBuildFile; fileRef = 0578DB661656454100131BD8 /* header_shadow@2x.png */; };
		0578DB6B1656454A00131BD8 /* header_bg.png in Resources */ = {isa = PBXBuildFile; fileRef = 0578DB6A1656454A00131BD8 /* header_bg.png */; };
		0578DB6E165668F400131BD8 /* CHPContact.m in Sources */ = {isa = PBXBuildFile; fileRef = 0578DB6D165668F400131BD8 /* CHPContact.m */; };
		0578DB73165672DD00131BD8 /* btn_kurumsal_beyaz_.png in Resources */ = {isa = PBXBuildFile; fileRef = 0578DB72165672DD00131BD8 /* btn_kurumsal_beyaz_.png */; };
		05A28166165BC09C008B49A5 /* vesika_yok.png in Resources */ = {isa = PBXBuildFile; fileRef = 05A28164165BC09C008B49A5 /* vesika_yok.png */; };
		05A28167165BC09C008B49A5 /* vesika_yok@2x.png in Resources */ = {isa = PBXBuildFile; fileRef = 05A28165165BC09C008B49A5 /* vesika_yok@2x.png */; };
		05B1FDE61653E16F0079FE20 /* UIKit.framework in Frameworks */ = {isa = PBXBuildFile; fileRef = 05B1FDE51653E16F0079FE20 /* UIKit.framework */; };
		05B1FDE81653E16F0079FE20 /* Foundation.framework in Frameworks */ = {isa = PBXBuildFile; fileRef = 05B1FDE71653E16F0079FE20 /* Foundation.framework */; };
		05B1FDEA1653E16F0079FE20 /* CoreGraphics.framework in Frameworks */ = {isa = PBXBuildFile; fileRef = 05B1FDE91653E16F0079FE20 /* CoreGraphics.framework */; };
		05B1FDF01653E16F0079FE20 /* InfoPlist.strings in Resources */ = {isa = PBXBuildFile; fileRef = 05B1FDEE1653E16F0079FE20 /* InfoPlist.strings */; };
		05B1FDF21653E16F0079FE20 /* main.m in Sources */ = {isa = PBXBuildFile; fileRef = 05B1FDF11653E16F0079FE20 /* main.m */; };
		05B1FDF61653E16F0079FE20 /* CHPAppDelegate.m in Sources */ = {isa = PBXBuildFile; fileRef = 05B1FDF51653E16F0079FE20 /* CHPAppDelegate.m */; };
		05B1FDFF1653E16F0079FE20 /* MainStoryboard_iPhone.storyboard in Resources */ = {isa = PBXBuildFile; fileRef = 05B1FDFD1653E16F0079FE20 /* MainStoryboard_iPhone.storyboard */; };
		05B1FE021653E16F0079FE20 /* MainStoryboard_iPad.storyboard in Resources */ = {isa = PBXBuildFile; fileRef = 05B1FE001653E16F0079FE20 /* MainStoryboard_iPad.storyboard */; };
		05B1FE1C1653E7200079FE20 /* CHPMainTabBarViewController.m in Sources */ = {isa = PBXBuildFile; fileRef = 05B1FE1B1653E7200079FE20 /* CHPMainTabBarViewController.m */; };
		05B1FE231653E84F0079FE20 /* CHPBizKimizTableViewController.m in Sources */ = {isa = PBXBuildFile; fileRef = 05B1FE221653E84F0079FE20 /* CHPBizKimizTableViewController.m */; };
		05B1FE291653E89F0079FE20 /* CHPYoneticilerTableViewController.m in Sources */ = {isa = PBXBuildFile; fileRef = 05B1FE281653E89F0079FE20 /* CHPYoneticilerTableViewController.m */; };
		05B1FE2C1653EADE0079FE20 /* CHPHaberCollectionViewController.m in Sources */ = {isa = PBXBuildFile; fileRef = 05B1FE2B1653EADE0079FE20 /* CHPHaberCollectionViewController.m */; };
		05B1FE321653EF040079FE20 /* CHPHaberNavigationController.m in Sources */ = {isa = PBXBuildFile; fileRef = 05B1FE311653EF040079FE20 /* CHPHaberNavigationController.m */; };
		05B1FE351653EF810079FE20 /* CHPYoneticilerNavigationController.m in Sources */ = {isa = PBXBuildFile; fileRef = 05B1FE341653EF810079FE20 /* CHPYoneticilerNavigationController.m */; };
		05B1FE381653F1490079FE20 /* CHPBizKimizNavigationController.m in Sources */ = {isa = PBXBuildFile; fileRef = 05B1FE371653F1490079FE20 /* CHPBizKimizNavigationController.m */; };
		05B83C15165A30AD00B44FDB /* vesika_imageholder.png in Resources */ = {isa = PBXBuildFile; fileRef = 05B83C13165A30AD00B44FDB /* vesika_imageholder.png */; };
		05B83C16165A30AD00B44FDB /* vesika_imageholder@2x.png in Resources */ = {isa = PBXBuildFile; fileRef = 05B83C14165A30AD00B44FDB /* vesika_imageholder@2x.png */; };
		05B83C1F165A5D0600B44FDB /* icon_cellphone.png in Resources */ = {isa = PBXBuildFile; fileRef = 05B83C17165A5D0600B44FDB /* icon_cellphone.png */; };
		05B83C20165A5D0600B44FDB /* icon_cellphone@2x.png in Resources */ = {isa = PBXBuildFile; fileRef = 05B83C18165A5D0600B44FDB /* icon_cellphone@2x.png */; };
		05B83C21165A5D0600B44FDB /* icon_mail.png in Resources */ = {isa = PBXBuildFile; fileRef = 05B83C19165A5D0600B44FDB /* icon_mail.png */; };
		05B83C22165A5D0600B44FDB /* icon_mail@2x.png in Resources */ = {isa = PBXBuildFile; fileRef = 05B83C1A165A5D0600B44FDB /* icon_mail@2x.png */; };
		05B83C23165A5D0600B44FDB /* icon_phone.png in Resources */ = {isa = PBXBuildFile; fileRef = 05B83C1B165A5D0600B44FDB /* icon_phone.png */; };
		05B83C24165A5D0600B44FDB /* icon_phone@2x.png in Resources */ = {isa = PBXBuildFile; fileRef = 05B83C1C165A5D0600B44FDB /* icon_phone@2x.png */; };
		05B83C25165A5D0600B44FDB /* seperator_yonetici.png in Resources */ = {isa = PBXBuildFile; fileRef = 05B83C1D165A5D0600B44FDB /* seperator_yonetici.png */; };
		05B83C26165A5D0600B44FDB /* seperator_yonetici@2x.png in Resources */ = {isa = PBXBuildFile; fileRef = 05B83C1E165A5D0600B44FDB /* seperator_yonetici@2x.png */; };
		05C1F1331664AB9E00EEA727 /* app-icon-57.png in Resources */ = {isa = PBXBuildFile; fileRef = 05C1F1321664AB9E00EEA727 /* app-icon-57.png */; };
		05C1F1351664ABA400EEA727 /* app-icon-114.png in Resources */ = {isa = PBXBuildFile; fileRef = 05C1F1341664ABA400EEA727 /* app-icon-114.png */; };
		05C1F1471664AF5E00EEA727 /* Default-568h@2x.png in Resources */ = {isa = PBXBuildFile; fileRef = 05C1F1441664AF5E00EEA727 /* Default-568h@2x.png */; };
		05C1F1481664AF5E00EEA727 /* Default.png in Resources */ = {isa = PBXBuildFile; fileRef = 05C1F1451664AF5E00EEA727 /* Default.png */; };
		05C1F1491664AF5E00EEA727 /* Default@2x.png in Resources */ = {isa = PBXBuildFile; fileRef = 05C1F1461664AF5E00EEA727 /* Default@2x.png */; };
		413305A3165D2C41000E34F3 /* MessageUI.framework in Frameworks */ = {isa = PBXBuildFile; fileRef = 413305A2165D2C41000E34F3 /* MessageUI.framework */; };
		416A7DD51653E47C0005E9E3 /* NSData+Base64.m in Sources */ = {isa = PBXBuildFile; fileRef = 416A7DC31653E47C0005E9E3 /* NSData+Base64.m */; };
		416A7DD61653E47C0005E9E3 /* NSDate+RFC1123.m in Sources */ = {isa = PBXBuildFile; fileRef = 416A7DC51653E47C0005E9E3 /* NSDate+RFC1123.m */; };
		416A7DD71653E47C0005E9E3 /* NSDictionary+RequestEncoding.m in Sources */ = {isa = PBXBuildFile; fileRef = 416A7DC71653E47C0005E9E3 /* NSDictionary+RequestEncoding.m */; };
		416A7DD81653E47C0005E9E3 /* NSString+MKNetworkKitAdditions.m in Sources */ = {isa = PBXBuildFile; fileRef = 416A7DC91653E47C0005E9E3 /* NSString+MKNetworkKitAdditions.m */; };
		416A7DD91653E47C0005E9E3 /* UIAlertView+MKNetworkKitAdditions.m in Sources */ = {isa = PBXBuildFile; fileRef = 416A7DCB1653E47C0005E9E3 /* UIAlertView+MKNetworkKitAdditions.m */; };
		416A7DDA1653E47C0005E9E3 /* MKNetworkEngine.m in Sources */ = {isa = PBXBuildFile; fileRef = 416A7DCD1653E47C0005E9E3 /* MKNetworkEngine.m */; };
		416A7DDB1653E47C0005E9E3 /* MKNetworkOperation.m in Sources */ = {isa = PBXBuildFile; fileRef = 416A7DD01653E47C0005E9E3 /* MKNetworkOperation.m */; };
		416A7DDC1653E47C0005E9E3 /* Reachability.m in Sources */ = {isa = PBXBuildFile; fileRef = 416A7DD31653E47C0005E9E3 /* Reachability.m */; };
		416A7DDF1653E4A50005E9E3 /* CFNetwork.framework in Frameworks */ = {isa = PBXBuildFile; fileRef = 416A7DDE1653E4A50005E9E3 /* CFNetwork.framework */; };
		416A7DE11653E4AC0005E9E3 /* SystemConfiguration.framework in Frameworks */ = {isa = PBXBuildFile; fileRef = 416A7DE01653E4AC0005E9E3 /* SystemConfiguration.framework */; };
		416A7DE31653E4B50005E9E3 /* Security.framework in Frameworks */ = {isa = PBXBuildFile; fileRef = 416A7DE21653E4B50005E9E3 /* Security.framework */; };
		416A7DE61653E56E0005E9E3 /* APIManager.m in Sources */ = {isa = PBXBuildFile; fileRef = 416A7DE51653E56E0005E9E3 /* APIManager.m */; };
		41BFE50B165533FF00EB2EA0 /* CHPNewsItem.m in Sources */ = {isa = PBXBuildFile; fileRef = 41BFE50A165533FF00EB2EA0 /* CHPNewsItem.m */; };
		41BFE53E16568BB900EB2EA0 /* CHPContactManager.m in Sources */ = {isa = PBXBuildFile; fileRef = 41BFE53D16568BB900EB2EA0 /* CHPContactManager.m */; };
		AE120414165CFE340086E7D1 /* chp-program.pdf in Resources */ = {isa = PBXBuildFile; fileRef = AE120411165CFE340086E7D1 /* chp-program.pdf */; };
		AE120416165CFE340086E7D1 /* chp-tuzuk.pdf in Resources */ = {isa = PBXBuildFile; fileRef = AE120413165CFE340086E7D1 /* chp-tuzuk.pdf */; };
		AE120418165CFEBA0086E7D1 /* chp-tarih.pdf in Resources */ = {isa = PBXBuildFile; fileRef = AE120417165CFEBA0086E7D1 /* chp-tarih.pdf */; };
		AE257C69165672A2007EC17F /* program_btn_selected.png in Resources */ = {isa = PBXBuildFile; fileRef = AE257C5D165672A2007EC17F /* program_btn_selected.png */; };
		AE257C6A165672A2007EC17F /* program_btn_selected@2x.png in Resources */ = {isa = PBXBuildFile; fileRef = AE257C5E165672A2007EC17F /* program_btn_selected@2x.png */; };
		AE257C6B165672A2007EC17F /* program_btn.png in Resources */ = {isa = PBXBuildFile; fileRef = AE257C5F165672A2007EC17F /* program_btn.png */; };
		AE257C6C165672A2007EC17F /* program_btn@2x.png in Resources */ = {isa = PBXBuildFile; fileRef = AE257C60165672A2007EC17F /* program_btn@2x.png */; };
		AE257C6D165672A2007EC17F /* tarihce_btn_selected.png in Resources */ = {isa = PBXBuildFile; fileRef = AE257C61165672A2007EC17F /* tarihce_btn_selected.png */; };
		AE257C6E165672A2007EC17F /* tarihce_btn_selected@2x.png in Resources */ = {isa = PBXBuildFile; fileRef = AE257C62165672A2007EC17F /* tarihce_btn_selected@2x.png */; };
		AE257C6F165672A2007EC17F /* tarihce_btn.png in Resources */ = {isa = PBXBuildFile; fileRef = AE257C63165672A2007EC17F /* tarihce_btn.png */; };
		AE257C70165672A2007EC17F /* tarihce_btn@2x.png in Resources */ = {isa = PBXBuildFile; fileRef = AE257C64165672A2007EC17F /* tarihce_btn@2x.png */; };
		AE257C71165672A2007EC17F /* tuzuk_btn_selected.png in Resources */ = {isa = PBXBuildFile; fileRef = AE257C65165672A2007EC17F /* tuzuk_btn_selected.png */; };
		AE257C72165672A2007EC17F /* tuzuk_btn_selected@2x.png in Resources */ = {isa = PBXBuildFile; fileRef = AE257C66165672A2007EC17F /* tuzuk_btn_selected@2x.png */; };
		AE257C73165672A2007EC17F /* tuzuk_btn.png in Resources */ = {isa = PBXBuildFile; fileRef = AE257C67165672A2007EC17F /* tuzuk_btn.png */; };
		AE257C74165672A2007EC17F /* tuzuk_btn@2x.png in Resources */ = {isa = PBXBuildFile; fileRef = AE257C68165672A2007EC17F /* tuzuk_btn@2x.png */; };
		AE257C7C1656851D007EC17F /* CHPNavigationController.m in Sources */ = {isa = PBXBuildFile; fileRef = AE257C7B1656851C007EC17F /* CHPNavigationController.m */; };
		AE95D7ED1654D8DA000AE76A /* CHPBizKimizDetailViewController.m in Sources */ = {isa = PBXBuildFile; fileRef = AE95D7EC1654D8DA000AE76A /* CHPBizKimizDetailViewController.m */; };
		AEBA5344165A5AF80056E596 /* CHPHaberDetailTableViewController.m in Sources */ = {isa = PBXBuildFile; fileRef = AEBA5343165A5AF80056E596 /* CHPHaberDetailTableViewController.m */; };
		AEBA5347165A65650056E596 /* CHPHaberFlowLayout.m in Sources */ = {isa = PBXBuildFile; fileRef = AEBA5346165A65650056E596 /* CHPHaberFlowLayout.m */; };
		AEFD23AC165B7CDF00A120F3 /* news_shadow.png in Resources */ = {isa = PBXBuildFile; fileRef = AEFD23AA165B7CDF00A120F3 /* news_shadow.png */; };
		AEFD23AD165B7CDF00A120F3 /* news_shadow@2x.png in Resources */ = {isa = PBXBuildFile; fileRef = AEFD23AB165B7CDF00A120F3 /* news_shadow@2x.png */; };
/* End PBXBuildFile section */

/* Begin PBXFileReference section */
		053AFD85165D2926000E6693 /* search_icon.png */ = {isa = PBXFileReference; lastKnownFileType = image.png; path = search_icon.png; sourceTree = "<group>"; };
		053AFD86165D2926000E6693 /* search_icon@2x.png */ = {isa = PBXFileReference; lastKnownFileType = image.png; path = "search_icon@2x.png"; sourceTree = "<group>"; };
		053AFD89165D2F3B000E6693 /* search_btn_highlighted.png */ = {isa = PBXFileReference; lastKnownFileType = image.png; path = search_btn_highlighted.png; sourceTree = "<group>"; };
		053AFD8A165D2F3B000E6693 /* search_btn_highlighted@2x.png */ = {isa = PBXFileReference; lastKnownFileType = image.png; path = "search_btn_highlighted@2x.png"; sourceTree = "<group>"; };
		053AFD8B165D2F3B000E6693 /* search_btn.png */ = {isa = PBXFileReference; lastKnownFileType = image.png; path = search_btn.png; sourceTree = "<group>"; };
		053AFD8C165D2F3B000E6693 /* search_btn@2x.png */ = {isa = PBXFileReference; lastKnownFileType = image.png; path = "search_btn@2x.png"; sourceTree = "<group>"; };
		05680079165E2D560005D3C7 /* CHPSearchTableViewController.h */ = {isa = PBXFileReference; fileEncoding = 4; lastKnownFileType = sourcecode.c.h; path = CHPSearchTableViewController.h; sourceTree = "<group>"; };
		0568007A165E2D560005D3C7 /* CHPSearchTableViewController.m */ = {isa = PBXFileReference; fileEncoding = 4; lastKnownFileType = sourcecode.c.objc; path = CHPSearchTableViewController.m; sourceTree = "<group>"; };
		05680081165E6A2F0005D3C7 /* CHPSearchTableViewCell.h */ = {isa = PBXFileReference; fileEncoding = 4; lastKnownFileType = sourcecode.c.h; path = CHPSearchTableViewCell.h; sourceTree = "<group>"; };
		05680082165E6A2F0005D3C7 /* CHPSearchTableViewCell.m */ = {isa = PBXFileReference; fileEncoding = 4; lastKnownFileType = sourcecode.c.objc; path = CHPSearchTableViewCell.m; sourceTree = "<group>"; };
		05680084165E6F1B0005D3C7 /* search_ok.png */ = {isa = PBXFileReference; lastKnownFileType = image.png; path = search_ok.png; sourceTree = "<group>"; };
		05680085165E6F1B0005D3C7 /* search_ok@2x.png */ = {isa = PBXFileReference; lastKnownFileType = image.png; path = "search_ok@2x.png"; sourceTree = "<group>"; };
		056C07E716554198005D5D5D /* CHPYoneticilerKategoriViewController.h */ = {isa = PBXFileReference; fileEncoding = 4; lastKnownFileType = sourcecode.c.h; path = CHPYoneticilerKategoriViewController.h; sourceTree = "<group>"; };
		056C07E816554198005D5D5D /* CHPYoneticilerKategoriViewController.m */ = {isa = PBXFileReference; fileEncoding = 4; lastKnownFileType = sourcecode.c.objc; path = CHPYoneticilerKategoriViewController.m; sourceTree = "<group>"; };
		056C07EB1655487B005D5D5D /* CHPYoneticilerDetailViewController.h */ = {isa = PBXFileReference; fileEncoding = 4; lastKnownFileType = sourcecode.c.h; path = CHPYoneticilerDetailViewController.h; sourceTree = "<group>"; };
		056C07EC1655487B005D5D5D /* CHPYoneticilerDetailViewController.m */ = {isa = PBXFileReference; fileEncoding = 4; lastKnownFileType = sourcecode.c.objc; path = CHPYoneticilerDetailViewController.m; sourceTree = "<group>"; };
		0578DB621656451A00131BD8 /* chp_logo.png */ = {isa = PBXFileReference; lastKnownFileType = image.png; path = chp_logo.png; sourceTree = "<group>"; };
		0578DB641656454100131BD8 /* header_bg@2x.png */ = {isa = PBXFileReference; lastKnownFileType = image.png; path = "header_bg@2x.png"; sourceTree = "<group>"; };
		0578DB651656454100131BD8 /* header_shadow.png */ = {isa = PBXFileReference; lastKnownFileType = image.png; path = header_shadow.png; sourceTree = "<group>"; };
		0578DB661656454100131BD8 /* header_shadow@2x.png */ = {isa = PBXFileReference; lastKnownFileType = image.png; path = "header_shadow@2x.png"; sourceTree = "<group>"; };
		0578DB6A1656454A00131BD8 /* header_bg.png */ = {isa = PBXFileReference; lastKnownFileType = image.png; path = header_bg.png; sourceTree = "<group>"; };
		0578DB6C165668F400131BD8 /* CHPContact.h */ = {isa = PBXFileReference; fileEncoding = 4; lastKnownFileType = sourcecode.c.h; path = CHPContact.h; sourceTree = "<group>"; };
		0578DB6D165668F400131BD8 /* CHPContact.m */ = {isa = PBXFileReference; fileEncoding = 4; lastKnownFileType = sourcecode.c.objc; path = CHPContact.m; sourceTree = "<group>"; };
		0578DB72165672DD00131BD8 /* btn_kurumsal_beyaz_.png */ = {isa = PBXFileReference; lastKnownFileType = image.png; path = btn_kurumsal_beyaz_.png; sourceTree = "<group>"; };
		05A1792C165510D500A6ED90 /* btn_haber_beyaz_.png */ = {isa = PBXFileReference; lastKnownFileType = image.png; name = btn_haber_beyaz_.png; path = "/Users/Alperen/Desktop/deneme/CHP-Mobil/CHP-Mobil/btn_haber_beyaz_.png"; sourceTree = "<absolute>"; };
		05A1792D165510D500A6ED90 /* btn_haber_beyaz_@2x.png */ = {isa = PBXFileReference; lastKnownFileType = image.png; name = "btn_haber_beyaz_@2x.png"; path = "/Users/Alperen/Desktop/deneme/CHP-Mobil/CHP-Mobil/btn_haber_beyaz_@2x.png"; sourceTree = "<absolute>"; };
		05A1792E165510D500A6ED90 /* btn_haber_kirmizi_.png */ = {isa = PBXFileReference; lastKnownFileType = image.png; name = btn_haber_kirmizi_.png; path = "/Users/Alperen/Desktop/deneme/CHP-Mobil/CHP-Mobil/btn_haber_kirmizi_.png"; sourceTree = "<absolute>"; };
		05A1792F165510D500A6ED90 /* btn_haber_kirmizi_@2x.png */ = {isa = PBXFileReference; lastKnownFileType = image.png; name = "btn_haber_kirmizi_@2x.png"; path = "/Users/Alperen/Desktop/deneme/CHP-Mobil/CHP-Mobil/btn_haber_kirmizi_@2x.png"; sourceTree = "<absolute>"; };
		05A17930165510D500A6ED90 /* btn_yonetim_beyaz_.png */ = {isa = PBXFileReference; lastKnownFileType = image.png; name = btn_yonetim_beyaz_.png; path = "/Users/Alperen/Desktop/deneme/CHP-Mobil/CHP-Mobil/btn_yonetim_beyaz_.png"; sourceTree = "<absolute>"; };
		05A17931165510D500A6ED90 /* btn_yonetim_beyaz_@2x.png */ = {isa = PBXFileReference; lastKnownFileType = image.png; name = "btn_yonetim_beyaz_@2x.png"; path = "/Users/Alperen/Desktop/deneme/CHP-Mobil/CHP-Mobil/btn_yonetim_beyaz_@2x.png"; sourceTree = "<absolute>"; };
		05A17932165510D500A6ED90 /* btn_yonetim_kirmizi_.png */ = {isa = PBXFileReference; lastKnownFileType = image.png; name = btn_yonetim_kirmizi_.png; path = "/Users/Alperen/Desktop/deneme/CHP-Mobil/CHP-Mobil/btn_yonetim_kirmizi_.png"; sourceTree = "<absolute>"; };
		05A17933165510D500A6ED90 /* btn_yonetim_kirmizi_@2x.png */ = {isa = PBXFileReference; lastKnownFileType = image.png; name = "btn_yonetim_kirmizi_@2x.png"; path = "/Users/Alperen/Desktop/deneme/CHP-Mobil/CHP-Mobil/btn_yonetim_kirmizi_@2x.png"; sourceTree = "<absolute>"; };
		05A1794016551A9400A6ED90 /* main_bg-568h@2x.png */ = {isa = PBXFileReference; lastKnownFileType = image.png; name = "main_bg-568h@2x.png"; path = "/Users/Alperen/Desktop/deneme/CHP-Mobil/CHP-Mobil/main_bg-568h@2x.png"; sourceTree = "<absolute>"; };
		05A1794116551A9400A6ED90 /* main_bg.png */ = {isa = PBXFileReference; lastKnownFileType = image.png; name = main_bg.png; path = "/Users/Alperen/Desktop/deneme/CHP-Mobil/CHP-Mobil/main_bg.png"; sourceTree = "<absolute>"; };
		05A1794216551A9400A6ED90 /* main_bg@2x.png */ = {isa = PBXFileReference; lastKnownFileType = image.png; name = "main_bg@2x.png"; path = "/Users/Alperen/Desktop/deneme/CHP-Mobil/CHP-Mobil/main_bg@2x.png"; sourceTree = "<absolute>"; };
		05A17946165527A300A6ED90 /* btn_kurumsal_beyaz_@2x.png */ = {isa = PBXFileReference; lastKnownFileType = image.png; name = "btn_kurumsal_beyaz_@2x.png"; path = "/Users/Alperen/Desktop/deneme/CHP-Mobil/CHP-Mobil/btn_kurumsal_beyaz_@2x.png"; sourceTree = "<absolute>"; };
		05A17947165527A300A6ED90 /* btn_kurumsal_kirmizi_.png */ = {isa = PBXFileReference; lastKnownFileType = image.png; name = btn_kurumsal_kirmizi_.png; path = "/Users/Alperen/Desktop/deneme/CHP-Mobil/CHP-Mobil/btn_kurumsal_kirmizi_.png"; sourceTree = "<absolute>"; };
		05A17948165527A300A6ED90 /* btn_kurumsal_kirmizi_@2x.png */ = {isa = PBXFileReference; lastKnownFileType = image.png; name = "btn_kurumsal_kirmizi_@2x.png"; path = "/Users/Alperen/Desktop/deneme/CHP-Mobil/CHP-Mobil/btn_kurumsal_kirmizi_@2x.png"; sourceTree = "<absolute>"; };
		05A28164165BC09C008B49A5 /* vesika_yok.png */ = {isa = PBXFileReference; lastKnownFileType = image.png; path = vesika_yok.png; sourceTree = "<group>"; };
		05A28165165BC09C008B49A5 /* vesika_yok@2x.png */ = {isa = PBXFileReference; lastKnownFileType = image.png; path = "vesika_yok@2x.png"; sourceTree = "<group>"; };
		05B1FDE11653E16F0079FE20 /* CHP-Mobil.app */ = {isa = PBXFileReference; explicitFileType = wrapper.application; includeInIndex = 0; path = "CHP-Mobil.app"; sourceTree = BUILT_PRODUCTS_DIR; };
		05B1FDE51653E16F0079FE20 /* UIKit.framework */ = {isa = PBXFileReference; lastKnownFileType = wrapper.framework; name = UIKit.framework; path = System/Library/Frameworks/UIKit.framework; sourceTree = SDKROOT; };
		05B1FDE71653E16F0079FE20 /* Foundation.framework */ = {isa = PBXFileReference; lastKnownFileType = wrapper.framework; name = Foundation.framework; path = System/Library/Frameworks/Foundation.framework; sourceTree = SDKROOT; };
		05B1FDE91653E16F0079FE20 /* CoreGraphics.framework */ = {isa = PBXFileReference; lastKnownFileType = wrapper.framework; name = CoreGraphics.framework; path = System/Library/Frameworks/CoreGraphics.framework; sourceTree = SDKROOT; };
		05B1FDED1653E16F0079FE20 /* CHP-Mobil-Info.plist */ = {isa = PBXFileReference; lastKnownFileType = text.plist.xml; path = "CHP-Mobil-Info.plist"; sourceTree = "<group>"; };
		05B1FDEF1653E16F0079FE20 /* en */ = {isa = PBXFileReference; lastKnownFileType = text.plist.strings; name = en; path = en.lproj/InfoPlist.strings; sourceTree = "<group>"; };
		05B1FDF11653E16F0079FE20 /* main.m */ = {isa = PBXFileReference; lastKnownFileType = sourcecode.c.objc; path = main.m; sourceTree = "<group>"; };
		05B1FDF31653E16F0079FE20 /* CHP-Mobil-Prefix.pch */ = {isa = PBXFileReference; lastKnownFileType = sourcecode.c.h; path = "CHP-Mobil-Prefix.pch"; sourceTree = "<group>"; };
		05B1FDF41653E16F0079FE20 /* CHPAppDelegate.h */ = {isa = PBXFileReference; lastKnownFileType = sourcecode.c.h; path = CHPAppDelegate.h; sourceTree = "<group>"; };
		05B1FDF51653E16F0079FE20 /* CHPAppDelegate.m */ = {isa = PBXFileReference; lastKnownFileType = sourcecode.c.objc; path = CHPAppDelegate.m; sourceTree = "<group>"; };
		05B1FDFE1653E16F0079FE20 /* en */ = {isa = PBXFileReference; lastKnownFileType = file.storyboard; name = en; path = en.lproj/MainStoryboard_iPhone.storyboard; sourceTree = "<group>"; };
		05B1FE011653E16F0079FE20 /* en */ = {isa = PBXFileReference; lastKnownFileType = file.storyboard; name = en; path = en.lproj/MainStoryboard_iPad.storyboard; sourceTree = "<group>"; };
		05B1FE1A1653E7200079FE20 /* CHPMainTabBarViewController.h */ = {isa = PBXFileReference; fileEncoding = 4; lastKnownFileType = sourcecode.c.h; path = CHPMainTabBarViewController.h; sourceTree = "<group>"; };
		05B1FE1B1653E7200079FE20 /* CHPMainTabBarViewController.m */ = {isa = PBXFileReference; fileEncoding = 4; lastKnownFileType = sourcecode.c.objc; path = CHPMainTabBarViewController.m; sourceTree = "<group>"; };
		05B1FE211653E84F0079FE20 /* CHPBizKimizTableViewController.h */ = {isa = PBXFileReference; fileEncoding = 4; lastKnownFileType = sourcecode.c.h; path = CHPBizKimizTableViewController.h; sourceTree = "<group>"; };
		05B1FE221653E84F0079FE20 /* CHPBizKimizTableViewController.m */ = {isa = PBXFileReference; fileEncoding = 4; lastKnownFileType = sourcecode.c.objc; path = CHPBizKimizTableViewController.m; sourceTree = "<group>"; };
		05B1FE271653E89F0079FE20 /* CHPYoneticilerTableViewController.h */ = {isa = PBXFileReference; fileEncoding = 4; lastKnownFileType = sourcecode.c.h; path = CHPYoneticilerTableViewController.h; sourceTree = "<group>"; };
		05B1FE281653E89F0079FE20 /* CHPYoneticilerTableViewController.m */ = {isa = PBXFileReference; fileEncoding = 4; lastKnownFileType = sourcecode.c.objc; path = CHPYoneticilerTableViewController.m; sourceTree = "<group>"; };
		05B1FE2A1653EADE0079FE20 /* CHPHaberCollectionViewController.h */ = {isa = PBXFileReference; fileEncoding = 4; lastKnownFileType = sourcecode.c.h; path = CHPHaberCollectionViewController.h; sourceTree = "<group>"; };
		05B1FE2B1653EADE0079FE20 /* CHPHaberCollectionViewController.m */ = {isa = PBXFileReference; fileEncoding = 4; lastKnownFileType = sourcecode.c.objc; path = CHPHaberCollectionViewController.m; sourceTree = "<group>"; };
		05B1FE301653EF040079FE20 /* CHPHaberNavigationController.h */ = {isa = PBXFileReference; fileEncoding = 4; lastKnownFileType = sourcecode.c.h; path = CHPHaberNavigationController.h; sourceTree = "<group>"; };
		05B1FE311653EF040079FE20 /* CHPHaberNavigationController.m */ = {isa = PBXFileReference; fileEncoding = 4; lastKnownFileType = sourcecode.c.objc; path = CHPHaberNavigationController.m; sourceTree = "<group>"; };
		05B1FE331653EF810079FE20 /* CHPYoneticilerNavigationController.h */ = {isa = PBXFileReference; fileEncoding = 4; lastKnownFileType = sourcecode.c.h; path = CHPYoneticilerNavigationController.h; sourceTree = "<group>"; };
		05B1FE341653EF810079FE20 /* CHPYoneticilerNavigationController.m */ = {isa = PBXFileReference; fileEncoding = 4; lastKnownFileType = sourcecode.c.objc; path = CHPYoneticilerNavigationController.m; sourceTree = "<group>"; };
		05B1FE361653F1490079FE20 /* CHPBizKimizNavigationController.h */ = {isa = PBXFileReference; fileEncoding = 4; lastKnownFileType = sourcecode.c.h; path = CHPBizKimizNavigationController.h; sourceTree = "<group>"; };
		05B1FE371653F1490079FE20 /* CHPBizKimizNavigationController.m */ = {isa = PBXFileReference; fileEncoding = 4; lastKnownFileType = sourcecode.c.objc; path = CHPBizKimizNavigationController.m; sourceTree = "<group>"; };
		05B83C13165A30AD00B44FDB /* vesika_imageholder.png */ = {isa = PBXFileReference; lastKnownFileType = image.png; path = vesika_imageholder.png; sourceTree = "<group>"; };
		05B83C14165A30AD00B44FDB /* vesika_imageholder@2x.png */ = {isa = PBXFileReference; lastKnownFileType = image.png; path = "vesika_imageholder@2x.png"; sourceTree = "<group>"; };
		05B83C17165A5D0600B44FDB /* icon_cellphone.png */ = {isa = PBXFileReference; lastKnownFileType = image.png; path = icon_cellphone.png; sourceTree = "<group>"; };
		05B83C18165A5D0600B44FDB /* icon_cellphone@2x.png */ = {isa = PBXFileReference; lastKnownFileType = image.png; path = "icon_cellphone@2x.png"; sourceTree = "<group>"; };
		05B83C19165A5D0600B44FDB /* icon_mail.png */ = {isa = PBXFileReference; lastKnownFileType = image.png; path = icon_mail.png; sourceTree = "<group>"; };
		05B83C1A165A5D0600B44FDB /* icon_mail@2x.png */ = {isa = PBXFileReference; lastKnownFileType = image.png; path = "icon_mail@2x.png"; sourceTree = "<group>"; };
		05B83C1B165A5D0600B44FDB /* icon_phone.png */ = {isa = PBXFileReference; lastKnownFileType = image.png; path = icon_phone.png; sourceTree = "<group>"; };
		05B83C1C165A5D0600B44FDB /* icon_phone@2x.png */ = {isa = PBXFileReference; lastKnownFileType = image.png; path = "icon_phone@2x.png"; sourceTree = "<group>"; };
		05B83C1D165A5D0600B44FDB /* seperator_yonetici.png */ = {isa = PBXFileReference; lastKnownFileType = image.png; path = seperator_yonetici.png; sourceTree = "<group>"; };
		05B83C1E165A5D0600B44FDB /* seperator_yonetici@2x.png */ = {isa = PBXFileReference; lastKnownFileType = image.png; path = "seperator_yonetici@2x.png"; sourceTree = "<group>"; };
		05C1F1321664AB9E00EEA727 /* app-icon-57.png */ = {isa = PBXFileReference; lastKnownFileType = image.png; path = "app-icon-57.png"; sourceTree = "<group>"; };
		05C1F1341664ABA400EEA727 /* app-icon-114.png */ = {isa = PBXFileReference; lastKnownFileType = image.png; path = "app-icon-114.png"; sourceTree = "<group>"; };
		05C1F1441664AF5E00EEA727 /* Default-568h@2x.png */ = {isa = PBXFileReference; lastKnownFileType = image.png; name = "Default-568h@2x.png"; path = "../../../Downloads/Default-568h@2x.png"; sourceTree = "<group>"; };
		05C1F1451664AF5E00EEA727 /* Default.png */ = {isa = PBXFileReference; lastKnownFileType = image.png; name = Default.png; path = ../../../Downloads/Default.png; sourceTree = "<group>"; };
		05C1F1461664AF5E00EEA727 /* Default@2x.png */ = {isa = PBXFileReference; lastKnownFileType = image.png; name = "Default@2x.png"; path = "../../../Downloads/Default@2x.png"; sourceTree = "<group>"; };
		05C84AEE1654E3A700681CCC /* tab_bg.png */ = {isa = PBXFileReference; lastKnownFileType = image.png; name = tab_bg.png; path = "/Users/Alperen/Desktop/deneme/CHP-Mobil/CHP-Mobil/tab_bg.png"; sourceTree = "<absolute>"; };
		05C84AEF1654E3A700681CCC /* tab_bg@2x.png */ = {isa = PBXFileReference; lastKnownFileType = image.png; name = "tab_bg@2x.png"; path = "/Users/Alperen/Desktop/deneme/CHP-Mobil/CHP-Mobil/tab_bg@2x.png"; sourceTree = "<absolute>"; };
		05C84AF01654E3A700681CCC /* tab_shadow.png */ = {isa = PBXFileReference; lastKnownFileType = image.png; name = tab_shadow.png; path = "/Users/Alperen/Desktop/deneme/CHP-Mobil/CHP-Mobil/tab_shadow.png"; sourceTree = "<absolute>"; };
		05C84AF11654E3A700681CCC /* tab_shadow@2x.png */ = {isa = PBXFileReference; lastKnownFileType = image.png; name = "tab_shadow@2x.png"; path = "/Users/Alperen/Desktop/deneme/CHP-Mobil/CHP-Mobil/tab_shadow@2x.png"; sourceTree = "<absolute>"; };
		05C84AFA1654E53D00681CCC /* chp_logo@2x.png */ = {isa = PBXFileReference; lastKnownFileType = image.png; name = "chp_logo@2x.png"; path = "/Users/Alperen/Desktop/deneme/CHP-Mobil/CHP-Mobil/chp_logo@2x.png"; sourceTree = "<absolute>"; };
		413305A2165D2C41000E34F3 /* MessageUI.framework */ = {isa = PBXFileReference; lastKnownFileType = wrapper.framework; name = MessageUI.framework; path = System/Library/Frameworks/MessageUI.framework; sourceTree = SDKROOT; };
		416A7DC21653E47C0005E9E3 /* NSData+Base64.h */ = {isa = PBXFileReference; fileEncoding = 4; lastKnownFileType = sourcecode.c.h; path = "NSData+Base64.h"; sourceTree = "<group>"; };
		416A7DC31653E47C0005E9E3 /* NSData+Base64.m */ = {isa = PBXFileReference; fileEncoding = 4; lastKnownFileType = sourcecode.c.objc; path = "NSData+Base64.m"; sourceTree = "<group>"; };
		416A7DC41653E47C0005E9E3 /* NSDate+RFC1123.h */ = {isa = PBXFileReference; fileEncoding = 4; lastKnownFileType = sourcecode.c.h; path = "NSDate+RFC1123.h"; sourceTree = "<group>"; };
		416A7DC51653E47C0005E9E3 /* NSDate+RFC1123.m */ = {isa = PBXFileReference; fileEncoding = 4; lastKnownFileType = sourcecode.c.objc; path = "NSDate+RFC1123.m"; sourceTree = "<group>"; };
		416A7DC61653E47C0005E9E3 /* NSDictionary+RequestEncoding.h */ = {isa = PBXFileReference; fileEncoding = 4; lastKnownFileType = sourcecode.c.h; path = "NSDictionary+RequestEncoding.h"; sourceTree = "<group>"; };
		416A7DC71653E47C0005E9E3 /* NSDictionary+RequestEncoding.m */ = {isa = PBXFileReference; fileEncoding = 4; lastKnownFileType = sourcecode.c.objc; path = "NSDictionary+RequestEncoding.m"; sourceTree = "<group>"; };
		416A7DC81653E47C0005E9E3 /* NSString+MKNetworkKitAdditions.h */ = {isa = PBXFileReference; fileEncoding = 4; lastKnownFileType = sourcecode.c.h; path = "NSString+MKNetworkKitAdditions.h"; sourceTree = "<group>"; };
		416A7DC91653E47C0005E9E3 /* NSString+MKNetworkKitAdditions.m */ = {isa = PBXFileReference; fileEncoding = 4; lastKnownFileType = sourcecode.c.objc; path = "NSString+MKNetworkKitAdditions.m"; sourceTree = "<group>"; };
		416A7DCA1653E47C0005E9E3 /* UIAlertView+MKNetworkKitAdditions.h */ = {isa = PBXFileReference; fileEncoding = 4; lastKnownFileType = sourcecode.c.h; path = "UIAlertView+MKNetworkKitAdditions.h"; sourceTree = "<group>"; };
		416A7DCB1653E47C0005E9E3 /* UIAlertView+MKNetworkKitAdditions.m */ = {isa = PBXFileReference; fileEncoding = 4; lastKnownFileType = sourcecode.c.objc; path = "UIAlertView+MKNetworkKitAdditions.m"; sourceTree = "<group>"; };
		416A7DCC1653E47C0005E9E3 /* MKNetworkEngine.h */ = {isa = PBXFileReference; fileEncoding = 4; lastKnownFileType = sourcecode.c.h; path = MKNetworkEngine.h; sourceTree = "<group>"; };
		416A7DCD1653E47C0005E9E3 /* MKNetworkEngine.m */ = {isa = PBXFileReference; fileEncoding = 4; lastKnownFileType = sourcecode.c.objc; path = MKNetworkEngine.m; sourceTree = "<group>"; };
		416A7DCE1653E47C0005E9E3 /* MKNetworkKit.h */ = {isa = PBXFileReference; fileEncoding = 4; lastKnownFileType = sourcecode.c.h; path = MKNetworkKit.h; sourceTree = "<group>"; };
		416A7DCF1653E47C0005E9E3 /* MKNetworkOperation.h */ = {isa = PBXFileReference; fileEncoding = 4; lastKnownFileType = sourcecode.c.h; path = MKNetworkOperation.h; sourceTree = "<group>"; };
		416A7DD01653E47C0005E9E3 /* MKNetworkOperation.m */ = {isa = PBXFileReference; fileEncoding = 4; lastKnownFileType = sourcecode.c.objc; path = MKNetworkOperation.m; sourceTree = "<group>"; };
		416A7DD21653E47C0005E9E3 /* Reachability.h */ = {isa = PBXFileReference; fileEncoding = 4; lastKnownFileType = sourcecode.c.h; path = Reachability.h; sourceTree = "<group>"; };
		416A7DD31653E47C0005E9E3 /* Reachability.m */ = {isa = PBXFileReference; fileEncoding = 4; lastKnownFileType = sourcecode.c.objc; path = Reachability.m; sourceTree = "<group>"; };
		416A7DDE1653E4A50005E9E3 /* CFNetwork.framework */ = {isa = PBXFileReference; lastKnownFileType = wrapper.framework; name = CFNetwork.framework; path = System/Library/Frameworks/CFNetwork.framework; sourceTree = SDKROOT; };
		416A7DE01653E4AC0005E9E3 /* SystemConfiguration.framework */ = {isa = PBXFileReference; lastKnownFileType = wrapper.framework; name = SystemConfiguration.framework; path = System/Library/Frameworks/SystemConfiguration.framework; sourceTree = SDKROOT; };
		416A7DE21653E4B50005E9E3 /* Security.framework */ = {isa = PBXFileReference; lastKnownFileType = wrapper.framework; name = Security.framework; path = System/Library/Frameworks/Security.framework; sourceTree = SDKROOT; };
		416A7DE41653E56E0005E9E3 /* APIManager.h */ = {isa = PBXFileReference; fileEncoding = 4; lastKnownFileType = sourcecode.c.h; path = APIManager.h; sourceTree = "<group>"; };
		416A7DE51653E56E0005E9E3 /* APIManager.m */ = {isa = PBXFileReference; fileEncoding = 4; lastKnownFileType = sourcecode.c.objc; path = APIManager.m; sourceTree = "<group>"; };
		41BFE509165533FF00EB2EA0 /* CHPNewsItem.h */ = {isa = PBXFileReference; fileEncoding = 4; lastKnownFileType = sourcecode.c.h; path = CHPNewsItem.h; sourceTree = "<group>"; };
		41BFE50A165533FF00EB2EA0 /* CHPNewsItem.m */ = {isa = PBXFileReference; fileEncoding = 4; lastKnownFileType = sourcecode.c.objc; path = CHPNewsItem.m; sourceTree = "<group>"; };
		41BFE53C16568BB900EB2EA0 /* CHPContactManager.h */ = {isa = PBXFileReference; fileEncoding = 4; lastKnownFileType = sourcecode.c.h; path = CHPContactManager.h; sourceTree = "<group>"; };
		41BFE53D16568BB900EB2EA0 /* CHPContactManager.m */ = {isa = PBXFileReference; fileEncoding = 4; lastKnownFileType = sourcecode.c.objc; path = CHPContactManager.m; sourceTree = "<group>"; };
		AE120411165CFE340086E7D1 /* chp-program.pdf */ = {isa = PBXFileReference; lastKnownFileType = image.pdf; name = "chp-program.pdf"; path = "biz_kimiz/chp-program.pdf"; sourceTree = "<group>"; };
		AE120413165CFE340086E7D1 /* chp-tuzuk.pdf */ = {isa = PBXFileReference; lastKnownFileType = image.pdf; name = "chp-tuzuk.pdf"; path = "biz_kimiz/chp-tuzuk.pdf"; sourceTree = "<group>"; };
		AE120417165CFEBA0086E7D1 /* chp-tarih.pdf */ = {isa = PBXFileReference; lastKnownFileType = image.pdf; name = "chp-tarih.pdf"; path = "biz_kimiz/chp-tarih.pdf"; sourceTree = "<group>"; };
		AE257C5D165672A2007EC17F /* program_btn_selected.png */ = {isa = PBXFileReference; lastKnownFileType = image.png; name = program_btn_selected.png; path = biz_kimiz_images/program_btn_selected.png; sourceTree = "<group>"; };
		AE257C5E165672A2007EC17F /* program_btn_selected@2x.png */ = {isa = PBXFileReference; lastKnownFileType = image.png; name = "program_btn_selected@2x.png"; path = "biz_kimiz_images/program_btn_selected@2x.png"; sourceTree = "<group>"; };
		AE257C5F165672A2007EC17F /* program_btn.png */ = {isa = PBXFileReference; lastKnownFileType = image.png; name = program_btn.png; path = biz_kimiz_images/program_btn.png; sourceTree = "<group>"; };
		AE257C60165672A2007EC17F /* program_btn@2x.png */ = {isa = PBXFileReference; lastKnownFileType = image.png; name = "program_btn@2x.png"; path = "biz_kimiz_images/program_btn@2x.png"; sourceTree = "<group>"; };
		AE257C61165672A2007EC17F /* tarihce_btn_selected.png */ = {isa = PBXFileReference; lastKnownFileType = image.png; name = tarihce_btn_selected.png; path = biz_kimiz_images/tarihce_btn_selected.png; sourceTree = "<group>"; };
		AE257C62165672A2007EC17F /* tarihce_btn_selected@2x.png */ = {isa = PBXFileReference; lastKnownFileType = image.png; name = "tarihce_btn_selected@2x.png"; path = "biz_kimiz_images/tarihce_btn_selected@2x.png"; sourceTree = "<group>"; };
		AE257C63165672A2007EC17F /* tarihce_btn.png */ = {isa = PBXFileReference; lastKnownFileType = image.png; name = tarihce_btn.png; path = biz_kimiz_images/tarihce_btn.png; sourceTree = "<group>"; };
		AE257C64165672A2007EC17F /* tarihce_btn@2x.png */ = {isa = PBXFileReference; lastKnownFileType = image.png; name = "tarihce_btn@2x.png"; path = "biz_kimiz_images/tarihce_btn@2x.png"; sourceTree = "<group>"; };
		AE257C65165672A2007EC17F /* tuzuk_btn_selected.png */ = {isa = PBXFileReference; lastKnownFileType = image.png; name = tuzuk_btn_selected.png; path = biz_kimiz_images/tuzuk_btn_selected.png; sourceTree = "<group>"; };
		AE257C66165672A2007EC17F /* tuzuk_btn_selected@2x.png */ = {isa = PBXFileReference; lastKnownFileType = image.png; name = "tuzuk_btn_selected@2x.png"; path = "biz_kimiz_images/tuzuk_btn_selected@2x.png"; sourceTree = "<group>"; };
		AE257C67165672A2007EC17F /* tuzuk_btn.png */ = {isa = PBXFileReference; lastKnownFileType = image.png; name = tuzuk_btn.png; path = biz_kimiz_images/tuzuk_btn.png; sourceTree = "<group>"; };
		AE257C68165672A2007EC17F /* tuzuk_btn@2x.png */ = {isa = PBXFileReference; lastKnownFileType = image.png; name = "tuzuk_btn@2x.png"; path = "biz_kimiz_images/tuzuk_btn@2x.png"; sourceTree = "<group>"; };
		AE257C7A1656851C007EC17F /* CHPNavigationController.h */ = {isa = PBXFileReference; fileEncoding = 4; lastKnownFileType = sourcecode.c.h; path = CHPNavigationController.h; sourceTree = "<group>"; };
		AE257C7B1656851C007EC17F /* CHPNavigationController.m */ = {isa = PBXFileReference; fileEncoding = 4; lastKnownFileType = sourcecode.c.objc; path = CHPNavigationController.m; sourceTree = "<group>"; };
		AE95D7EB1654D8DA000AE76A /* CHPBizKimizDetailViewController.h */ = {isa = PBXFileReference; fileEncoding = 4; lastKnownFileType = sourcecode.c.h; path = CHPBizKimizDetailViewController.h; sourceTree = "<group>"; };
		AE95D7EC1654D8DA000AE76A /* CHPBizKimizDetailViewController.m */ = {isa = PBXFileReference; fileEncoding = 4; lastKnownFileType = sourcecode.c.objc; path = CHPBizKimizDetailViewController.m; sourceTree = "<group>"; };
		AEBA5342165A5AF80056E596 /* CHPHaberDetailTableViewController.h */ = {isa = PBXFileReference; fileEncoding = 4; lastKnownFileType = sourcecode.c.h; path = CHPHaberDetailTableViewController.h; sourceTree = "<group>"; };
		AEBA5343165A5AF80056E596 /* CHPHaberDetailTableViewController.m */ = {isa = PBXFileReference; fileEncoding = 4; lastKnownFileType = sourcecode.c.objc; path = CHPHaberDetailTableViewController.m; sourceTree = "<group>"; };
		AEBA5345165A65650056E596 /* CHPHaberFlowLayout.h */ = {isa = PBXFileReference; fileEncoding = 4; lastKnownFileType = sourcecode.c.h; path = CHPHaberFlowLayout.h; sourceTree = "<group>"; };
		AEBA5346165A65650056E596 /* CHPHaberFlowLayout.m */ = {isa = PBXFileReference; fileEncoding = 4; lastKnownFileType = sourcecode.c.objc; path = CHPHaberFlowLayout.m; sourceTree = "<group>"; };
		AEFD23AA165B7CDF00A120F3 /* news_shadow.png */ = {isa = PBXFileReference; lastKnownFileType = image.png; name = news_shadow.png; path = haber_images/news_shadow.png; sourceTree = "<group>"; };
		AEFD23AB165B7CDF00A120F3 /* news_shadow@2x.png */ = {isa = PBXFileReference; lastKnownFileType = image.png; name = "news_shadow@2x.png"; path = "haber_images/news_shadow@2x.png"; sourceTree = "<group>"; };
/* End PBXFileReference section */

/* Begin PBXFrameworksBuildPhase section */
		05B1FDDE1653E16F0079FE20 /* Frameworks */ = {
			isa = PBXFrameworksBuildPhase;
			buildActionMask = 2147483647;
			files = (
				413305A3165D2C41000E34F3 /* MessageUI.framework in Frameworks */,
				416A7DE31653E4B50005E9E3 /* Security.framework in Frameworks */,
				416A7DE11653E4AC0005E9E3 /* SystemConfiguration.framework in Frameworks */,
				416A7DDF1653E4A50005E9E3 /* CFNetwork.framework in Frameworks */,
				05B1FDE61653E16F0079FE20 /* UIKit.framework in Frameworks */,
				05B1FDE81653E16F0079FE20 /* Foundation.framework in Frameworks */,
				05B1FDEA1653E16F0079FE20 /* CoreGraphics.framework in Frameworks */,
			);
			runOnlyForDeploymentPostprocessing = 0;
		};
/* End PBXFrameworksBuildPhase section */

/* Begin PBXGroup section */
		0578DB6F1656726C00131BD8 /* navigationBar_images */ = {
			isa = PBXGroup;
			children = (
				0578DB621656451A00131BD8 /* chp_logo.png */,
				05C84AFA1654E53D00681CCC /* chp_logo@2x.png */,
				0578DB6A1656454A00131BD8 /* header_bg.png */,
				0578DB641656454100131BD8 /* header_bg@2x.png */,
				0578DB651656454100131BD8 /* header_shadow.png */,
				0578DB661656454100131BD8 /* header_shadow@2x.png */,
			);
			name = navigationBar_images;
			sourceTree = "<group>";
		};
		0578DB701656729100131BD8 /* tabBar_images */ = {
			isa = PBXGroup;
			children = (
				05C84AEE1654E3A700681CCC /* tab_bg.png */,
				05C84AEF1654E3A700681CCC /* tab_bg@2x.png */,
				05C84AF01654E3A700681CCC /* tab_shadow.png */,
				05C84AF11654E3A700681CCC /* tab_shadow@2x.png */,
				05A1792C165510D500A6ED90 /* btn_haber_beyaz_.png */,
				05A1792D165510D500A6ED90 /* btn_haber_beyaz_@2x.png */,
				05A1792E165510D500A6ED90 /* btn_haber_kirmizi_.png */,
				05A1792F165510D500A6ED90 /* btn_haber_kirmizi_@2x.png */,
				05A17930165510D500A6ED90 /* btn_yonetim_beyaz_.png */,
				05A17931165510D500A6ED90 /* btn_yonetim_beyaz_@2x.png */,
				05A17932165510D500A6ED90 /* btn_yonetim_kirmizi_.png */,
				05A17933165510D500A6ED90 /* btn_yonetim_kirmizi_@2x.png */,
				0578DB72165672DD00131BD8 /* btn_kurumsal_beyaz_.png */,
				05A17946165527A300A6ED90 /* btn_kurumsal_beyaz_@2x.png */,
				05A17947165527A300A6ED90 /* btn_kurumsal_kirmizi_.png */,
				05A17948165527A300A6ED90 /* btn_kurumsal_kirmizi_@2x.png */,
			);
			name = tabBar_images;
			sourceTree = "<group>";
		};
		0578DB71165672B200131BD8 /* background_images */ = {
			isa = PBXGroup;
			children = (
				05A1794016551A9400A6ED90 /* main_bg-568h@2x.png */,
				05A1794116551A9400A6ED90 /* main_bg.png */,
				05A1794216551A9400A6ED90 /* main_bg@2x.png */,
			);
			name = background_images;
			sourceTree = "<group>";
		};
		05B1FDD61653E16F0079FE20 = {
			isa = PBXGroup;
			children = (
				05C1F1441664AF5E00EEA727 /* Default-568h@2x.png */,
				05C1F1451664AF5E00EEA727 /* Default.png */,
				05C1F1461664AF5E00EEA727 /* Default@2x.png */,
				05C1F1341664ABA400EEA727 /* app-icon-114.png */,
				05C1F1321664AB9E00EEA727 /* app-icon-57.png */,
				05B1FDEB1653E16F0079FE20 /* CHP-Mobil */,
				05B1FDE41653E16F0079FE20 /* Frameworks */,
				05B1FDE21653E16F0079FE20 /* Products */,
			);
			sourceTree = "<group>";
		};
		05B1FDE21653E16F0079FE20 /* Products */ = {
			isa = PBXGroup;
			children = (
				05B1FDE11653E16F0079FE20 /* CHP-Mobil.app */,
			);
			name = Products;
			sourceTree = "<group>";
		};
		05B1FDE41653E16F0079FE20 /* Frameworks */ = {
			isa = PBXGroup;
			children = (
				413305A2165D2C41000E34F3 /* MessageUI.framework */,
				416A7DE21653E4B50005E9E3 /* Security.framework */,
				416A7DE01653E4AC0005E9E3 /* SystemConfiguration.framework */,
				416A7DDE1653E4A50005E9E3 /* CFNetwork.framework */,
				05B1FDE51653E16F0079FE20 /* UIKit.framework */,
				05B1FDE71653E16F0079FE20 /* Foundation.framework */,
				05B1FDE91653E16F0079FE20 /* CoreGraphics.framework */,
			);
			name = Frameworks;
			sourceTree = "<group>";
		};
		05B1FDEB1653E16F0079FE20 /* CHP-Mobil */ = {
			isa = PBXGroup;
			children = (
				41BFE53A16568B9E00EB2EA0 /* Managers */,
				41BFE507165533D900EB2EA0 /* Models */,
				416A7DE81653E5D70005E9E3 /* Controllers */,
				416A7DE71653E5C60005E9E3 /* Images */,
				416A7DBE1653E47C0005E9E3 /* MKNetworkKit */,
				05B1FDF41653E16F0079FE20 /* CHPAppDelegate.h */,
				05B1FDF51653E16F0079FE20 /* CHPAppDelegate.m */,
				05B1FDFD1653E16F0079FE20 /* MainStoryboard_iPhone.storyboard */,
				05B1FE001653E16F0079FE20 /* MainStoryboard_iPad.storyboard */,
				05B1FDEC1653E16F0079FE20 /* Supporting Files */,
			);
			path = "CHP-Mobil";
			sourceTree = "<group>";
		};
		05B1FDEC1653E16F0079FE20 /* Supporting Files */ = {
			isa = PBXGroup;
			children = (
				05B1FDED1653E16F0079FE20 /* CHP-Mobil-Info.plist */,
				05B1FDEE1653E16F0079FE20 /* InfoPlist.strings */,
				05B1FDF11653E16F0079FE20 /* main.m */,
				05B1FDF31653E16F0079FE20 /* CHP-Mobil-Prefix.pch */,
			);
			name = "Supporting Files";
			sourceTree = "<group>";
		};
		05B1FE2D1653EE210079FE20 /* HaberTabControllers */ = {
			isa = PBXGroup;
			children = (
				05B1FE301653EF040079FE20 /* CHPHaberNavigationController.h */,
				05B1FE311653EF040079FE20 /* CHPHaberNavigationController.m */,
				05B1FE2A1653EADE0079FE20 /* CHPHaberCollectionViewController.h */,
				05B1FE2B1653EADE0079FE20 /* CHPHaberCollectionViewController.m */,
				AEBA5342165A5AF80056E596 /* CHPHaberDetailTableViewController.h */,
				AEBA5343165A5AF80056E596 /* CHPHaberDetailTableViewController.m */,
			);
			name = HaberTabControllers;
			sourceTree = "<group>";
		};
		05B1FE2E1653EE3C0079FE20 /* BizKimizTabControllers */ = {
			isa = PBXGroup;
			children = (
				05B1FE361653F1490079FE20 /* CHPBizKimizNavigationController.h */,
				05B1FE371653F1490079FE20 /* CHPBizKimizNavigationController.m */,
				05B1FE211653E84F0079FE20 /* CHPBizKimizTableViewController.h */,
				05B1FE221653E84F0079FE20 /* CHPBizKimizTableViewController.m */,
				AE95D7EB1654D8DA000AE76A /* CHPBizKimizDetailViewController.h */,
				AE95D7EC1654D8DA000AE76A /* CHPBizKimizDetailViewController.m */,
			);
			name = BizKimizTabControllers;
			sourceTree = "<group>";
		};
		05B1FE2F1653EE4C0079FE20 /* YoneticilerTabControllers */ = {
			isa = PBXGroup;
			children = (
				05B1FE331653EF810079FE20 /* CHPYoneticilerNavigationController.h */,
				05B1FE341653EF810079FE20 /* CHPYoneticilerNavigationController.m */,
				05B1FE271653E89F0079FE20 /* CHPYoneticilerTableViewController.h */,
				05B1FE281653E89F0079FE20 /* CHPYoneticilerTableViewController.m */,
				056C07E716554198005D5D5D /* CHPYoneticilerKategoriViewController.h */,
				056C07E816554198005D5D5D /* CHPYoneticilerKategoriViewController.m */,
				056C07EB1655487B005D5D5D /* CHPYoneticilerDetailViewController.h */,
				056C07EC1655487B005D5D5D /* CHPYoneticilerDetailViewController.m */,
				05680079165E2D560005D3C7 /* CHPSearchTableViewController.h */,
				0568007A165E2D560005D3C7 /* CHPSearchTableViewController.m */,
				05680081165E6A2F0005D3C7 /* CHPSearchTableViewCell.h */,
				05680082165E6A2F0005D3C7 /* CHPSearchTableViewCell.m */,
			);
			name = YoneticilerTabControllers;
			sourceTree = "<group>";
		};
		05C1F1361664ACA600EEA727 /* search_images */ = {
			isa = PBXGroup;
			children = (
				05680084165E6F1B0005D3C7 /* search_ok.png */,
				05680085165E6F1B0005D3C7 /* search_ok@2x.png */,
				053AFD85165D2926000E6693 /* search_icon.png */,
				053AFD86165D2926000E6693 /* search_icon@2x.png */,
				053AFD89165D2F3B000E6693 /* search_btn_highlighted.png */,
				053AFD8A165D2F3B000E6693 /* search_btn_highlighted@2x.png */,
				053AFD8B165D2F3B000E6693 /* search_btn.png */,
				053AFD8C165D2F3B000E6693 /* search_btn@2x.png */,
			);
			name = search_images;
			sourceTree = "<group>";
		};
		05C1F1371664AD4B00EEA727 /* yoneticiler_images */ = {
			isa = PBXGroup;
			children = (
				05B83C13165A30AD00B44FDB /* vesika_imageholder.png */,
				05B83C14165A30AD00B44FDB /* vesika_imageholder@2x.png */,
				05A28164165BC09C008B49A5 /* vesika_yok.png */,
				05A28165165BC09C008B49A5 /* vesika_yok@2x.png */,
				05B83C17165A5D0600B44FDB /* icon_cellphone.png */,
				05B83C18165A5D0600B44FDB /* icon_cellphone@2x.png */,
				05B83C19165A5D0600B44FDB /* icon_mail.png */,
				05B83C1A165A5D0600B44FDB /* icon_mail@2x.png */,
				05B83C1B165A5D0600B44FDB /* icon_phone.png */,
				05B83C1C165A5D0600B44FDB /* icon_phone@2x.png */,
				05B83C1D165A5D0600B44FDB /* seperator_yonetici.png */,
				05B83C1E165A5D0600B44FDB /* seperator_yonetici@2x.png */,
			);
			name = yoneticiler_images;
			sourceTree = "<group>";
		};
		416A7DBE1653E47C0005E9E3 /* MKNetworkKit */ = {
			isa = PBXGroup;
			children = (
				416A7DBF1653E47C0005E9E3 /* Categories */,
				416A7DCC1653E47C0005E9E3 /* MKNetworkEngine.h */,
				416A7DCD1653E47C0005E9E3 /* MKNetworkEngine.m */,
				416A7DCE1653E47C0005E9E3 /* MKNetworkKit.h */,
				416A7DCF1653E47C0005E9E3 /* MKNetworkOperation.h */,
				416A7DD01653E47C0005E9E3 /* MKNetworkOperation.m */,
				416A7DD11653E47C0005E9E3 /* Reachability */,
			);
			name = MKNetworkKit;
			path = ../MKNetworkKit;
			sourceTree = "<group>";
		};
		416A7DBF1653E47C0005E9E3 /* Categories */ = {
			isa = PBXGroup;
			children = (
				416A7DC21653E47C0005E9E3 /* NSData+Base64.h */,
				416A7DC31653E47C0005E9E3 /* NSData+Base64.m */,
				416A7DC41653E47C0005E9E3 /* NSDate+RFC1123.h */,
				416A7DC51653E47C0005E9E3 /* NSDate+RFC1123.m */,
				416A7DC61653E47C0005E9E3 /* NSDictionary+RequestEncoding.h */,
				416A7DC71653E47C0005E9E3 /* NSDictionary+RequestEncoding.m */,
				416A7DC81653E47C0005E9E3 /* NSString+MKNetworkKitAdditions.h */,
				416A7DC91653E47C0005E9E3 /* NSString+MKNetworkKitAdditions.m */,
				416A7DCA1653E47C0005E9E3 /* UIAlertView+MKNetworkKitAdditions.h */,
				416A7DCB1653E47C0005E9E3 /* UIAlertView+MKNetworkKitAdditions.m */,
			);
			path = Categories;
			sourceTree = "<group>";
		};
		416A7DD11653E47C0005E9E3 /* Reachability */ = {
			isa = PBXGroup;
			children = (
				416A7DD21653E47C0005E9E3 /* Reachability.h */,
				416A7DD31653E47C0005E9E3 /* Reachability.m */,
			);
			path = Reachability;
			sourceTree = "<group>";
		};
		416A7DE71653E5C60005E9E3 /* Images */ = {
			isa = PBXGroup;
			children = (
				05C1F1361664ACA600EEA727 /* search_images */,
				AEFD23A8165B7CD400A120F3 /* haber_images */,
				AE257C44165671AD007EC17F /* bizKimiz_images */,
				05C1F1371664AD4B00EEA727 /* yoneticiler_images */,
				0578DB71165672B200131BD8 /* background_images */,
				0578DB701656729100131BD8 /* tabBar_images */,
				0578DB6F1656726C00131BD8 /* navigationBar_images */,
			);
			name = Images;
			sourceTree = "<group>";
		};
		416A7DE81653E5D70005E9E3 /* Controllers */ = {
			isa = PBXGroup;
			children = (
				05B1FE1A1653E7200079FE20 /* CHPMainTabBarViewController.h */,
				05B1FE1B1653E7200079FE20 /* CHPMainTabBarViewController.m */,
				AE257C7A1656851C007EC17F /* CHPNavigationController.h */,
				AE257C7B1656851C007EC17F /* CHPNavigationController.m */,
				05B1FE2D1653EE210079FE20 /* HaberTabControllers */,
				05B1FE2E1653EE3C0079FE20 /* BizKimizTabControllers */,
				05B1FE2F1653EE4C0079FE20 /* YoneticilerTabControllers */,
			);
			name = Controllers;
			sourceTree = "<group>";
		};
		41BFE507165533D900EB2EA0 /* Models */ = {
			isa = PBXGroup;
			children = (
				AE120411165CFE340086E7D1 /* chp-program.pdf */,
				AE120417165CFEBA0086E7D1 /* chp-tarih.pdf */,
				AE120413165CFE340086E7D1 /* chp-tuzuk.pdf */,
				41BFE509165533FF00EB2EA0 /* CHPNewsItem.h */,
				41BFE50A165533FF00EB2EA0 /* CHPNewsItem.m */,
				0578DB6C165668F400131BD8 /* CHPContact.h */,
				0578DB6D165668F400131BD8 /* CHPContact.m */,
				AEBA5345165A65650056E596 /* CHPHaberFlowLayout.h */,
				AEBA5346165A65650056E596 /* CHPHaberFlowLayout.m */,
			);
			name = Models;
			sourceTree = "<group>";
		};
		41BFE53A16568B9E00EB2EA0 /* Managers */ = {
			isa = PBXGroup;
			children = (
				416A7DE41653E56E0005E9E3 /* APIManager.h */,
				416A7DE51653E56E0005E9E3 /* APIManager.m */,
				41BFE53C16568BB900EB2EA0 /* CHPContactManager.h */,
				41BFE53D16568BB900EB2EA0 /* CHPContactManager.m */,
			);
			name = Managers;
			sourceTree = "<group>";
		};
		AE257C44165671AD007EC17F /* bizKimiz_images */ = {
			isa = PBXGroup;
			children = (
				AE257C5D165672A2007EC17F /* program_btn_selected.png */,
				AE257C5E165672A2007EC17F /* program_btn_selected@2x.png */,
				AE257C5F165672A2007EC17F /* program_btn.png */,
				AE257C60165672A2007EC17F /* program_btn@2x.png */,
				AE257C61165672A2007EC17F /* tarihce_btn_selected.png */,
				AE257C62165672A2007EC17F /* tarihce_btn_selected@2x.png */,
				AE257C63165672A2007EC17F /* tarihce_btn.png */,
				AE257C64165672A2007EC17F /* tarihce_btn@2x.png */,
				AE257C65165672A2007EC17F /* tuzuk_btn_selected.png */,
				AE257C66165672A2007EC17F /* tuzuk_btn_selected@2x.png */,
				AE257C67165672A2007EC17F /* tuzuk_btn.png */,
				AE257C68165672A2007EC17F /* tuzuk_btn@2x.png */,
			);
			name = bizKimiz_images;
			sourceTree = "<group>";
		};
		AEFD23A8165B7CD400A120F3 /* haber_images */ = {
			isa = PBXGroup;
			children = (
				AEFD23AA165B7CDF00A120F3 /* news_shadow.png */,
				AEFD23AB165B7CDF00A120F3 /* news_shadow@2x.png */,
			);
			name = haber_images;
			sourceTree = "<group>";
		};
/* End PBXGroup section */

/* Begin PBXNativeTarget section */
		05B1FDE01653E16F0079FE20 /* CHP-Mobil */ = {
			isa = PBXNativeTarget;
			buildConfigurationList = 05B1FE131653E16F0079FE20 /* Build configuration list for PBXNativeTarget "CHP-Mobil" */;
			buildPhases = (
				05B1FDDD1653E16F0079FE20 /* Sources */,
				05B1FDDE1653E16F0079FE20 /* Frameworks */,
				05B1FDDF1653E16F0079FE20 /* Resources */,
			);
			buildRules = (
			);
			dependencies = (
			);
			name = "CHP-Mobil";
			productName = "CHP-Mobil";
			productReference = 05B1FDE11653E16F0079FE20 /* CHP-Mobil.app */;
			productType = "com.apple.product-type.application";
		};
/* End PBXNativeTarget section */

/* Begin PBXProject section */
		05B1FDD81653E16F0079FE20 /* Project object */ = {
			isa = PBXProject;
			attributes = {
				CLASSPREFIX = CHP;
				LastUpgradeCheck = 0450;
				ORGANIZATIONNAME = "Halıcı";
			};
			buildConfigurationList = 05B1FDDB1653E16F0079FE20 /* Build configuration list for PBXProject "CHP-Mobil" */;
			compatibilityVersion = "Xcode 3.2";
			developmentRegion = English;
			hasScannedForEncodings = 0;
			knownRegions = (
				en,
			);
			mainGroup = 05B1FDD61653E16F0079FE20;
			productRefGroup = 05B1FDE21653E16F0079FE20 /* Products */;
			projectDirPath = "";
			projectRoot = "";
			targets = (
				05B1FDE01653E16F0079FE20 /* CHP-Mobil */,
			);
		};
/* End PBXProject section */

/* Begin PBXResourcesBuildPhase section */
		05B1FDDF1653E16F0079FE20 /* Resources */ = {
			isa = PBXResourcesBuildPhase;
			buildActionMask = 2147483647;
			files = (
				05B1FDF01653E16F0079FE20 /* InfoPlist.strings in Resources */,
				05B1FDFF1653E16F0079FE20 /* MainStoryboard_iPhone.storyboard in Resources */,
				05B1FE021653E16F0079FE20 /* MainStoryboard_iPad.storyboard in Resources */,
				AE257C69165672A2007EC17F /* program_btn_selected.png in Resources */,
				AE257C6A165672A2007EC17F /* program_btn_selected@2x.png in Resources */,
				AE257C6B165672A2007EC17F /* program_btn.png in Resources */,
				AE257C6C165672A2007EC17F /* program_btn@2x.png in Resources */,
				AE257C6D165672A2007EC17F /* tarihce_btn_selected.png in Resources */,
				AE257C6E165672A2007EC17F /* tarihce_btn_selected@2x.png in Resources */,
				AE257C6F165672A2007EC17F /* tarihce_btn.png in Resources */,
				AE257C70165672A2007EC17F /* tarihce_btn@2x.png in Resources */,
				AE257C71165672A2007EC17F /* tuzuk_btn_selected.png in Resources */,
				AE257C72165672A2007EC17F /* tuzuk_btn_selected@2x.png in Resources */,
				AE257C73165672A2007EC17F /* tuzuk_btn.png in Resources */,
				AE257C74165672A2007EC17F /* tuzuk_btn@2x.png in Resources */,
				0578DB631656451A00131BD8 /* chp_logo.png in Resources */,
				0578DB671656454100131BD8 /* header_bg@2x.png in Resources */,
				0578DB681656454100131BD8 /* header_shadow.png in Resources */,
				0578DB691656454100131BD8 /* header_shadow@2x.png in Resources */,
				0578DB6B1656454A00131BD8 /* header_bg.png in Resources */,
				0578DB73165672DD00131BD8 /* btn_kurumsal_beyaz_.png in Resources */,
				05B83C15165A30AD00B44FDB /* vesika_imageholder.png in Resources */,
				05B83C16165A30AD00B44FDB /* vesika_imageholder@2x.png in Resources */,
				05B83C1F165A5D0600B44FDB /* icon_cellphone.png in Resources */,
				05B83C20165A5D0600B44FDB /* icon_cellphone@2x.png in Resources */,
				05B83C21165A5D0600B44FDB /* icon_mail.png in Resources */,
				05B83C22165A5D0600B44FDB /* icon_mail@2x.png in Resources */,
				05B83C23165A5D0600B44FDB /* icon_phone.png in Resources */,
				05B83C24165A5D0600B44FDB /* icon_phone@2x.png in Resources */,
				05B83C25165A5D0600B44FDB /* seperator_yonetici.png in Resources */,
				05B83C26165A5D0600B44FDB /* seperator_yonetici@2x.png in Resources */,
				AEFD23AC165B7CDF00A120F3 /* news_shadow.png in Resources */,
				AEFD23AD165B7CDF00A120F3 /* news_shadow@2x.png in Resources */,
				05A28166165BC09C008B49A5 /* vesika_yok.png in Resources */,
				05A28167165BC09C008B49A5 /* vesika_yok@2x.png in Resources */,
				053AFD87165D2926000E6693 /* search_icon.png in Resources */,
				053AFD88165D2926000E6693 /* search_icon@2x.png in Resources */,
				053AFD8D165D2F3B000E6693 /* search_btn_highlighted.png in Resources */,
				053AFD8E165D2F3B000E6693 /* search_btn_highlighted@2x.png in Resources */,
				053AFD8F165D2F3B000E6693 /* search_btn.png in Resources */,
				053AFD90165D2F3B000E6693 /* search_btn@2x.png in Resources */,
				AE120414165CFE340086E7D1 /* chp-program.pdf in Resources */,
				AE120416165CFE340086E7D1 /* chp-tuzuk.pdf in Resources */,
				AE120418165CFEBA0086E7D1 /* chp-tarih.pdf in Resources */,
				05680086165E6F1B0005D3C7 /* search_ok.png in Resources */,
				05680087165E6F1B0005D3C7 /* search_ok@2x.png in Resources */,
				05C1F1331664AB9E00EEA727 /* app-icon-57.png in Resources */,
				05C1F1351664ABA400EEA727 /* app-icon-114.png in Resources */,
				05C1F1471664AF5E00EEA727 /* Default-568h@2x.png in Resources */,
				05C1F1481664AF5E00EEA727 /* Default.png in Resources */,
				05C1F1491664AF5E00EEA727 /* Default@2x.png in Resources */,
			);
			runOnlyForDeploymentPostprocessing = 0;
		};
/* End PBXResourcesBuildPhase section */

/* Begin PBXSourcesBuildPhase section */
		05B1FDDD1653E16F0079FE20 /* Sources */ = {
			isa = PBXSourcesBuildPhase;
			buildActionMask = 2147483647;
			files = (
				05B1FDF21653E16F0079FE20 /* main.m in Sources */,
				05B1FDF61653E16F0079FE20 /* CHPAppDelegate.m in Sources */,
				416A7DD51653E47C0005E9E3 /* NSData+Base64.m in Sources */,
				416A7DD61653E47C0005E9E3 /* NSDate+RFC1123.m in Sources */,
				416A7DD71653E47C0005E9E3 /* NSDictionary+RequestEncoding.m in Sources */,
				416A7DD81653E47C0005E9E3 /* NSString+MKNetworkKitAdditions.m in Sources */,
				416A7DD91653E47C0005E9E3 /* UIAlertView+MKNetworkKitAdditions.m in Sources */,
				416A7DDA1653E47C0005E9E3 /* MKNetworkEngine.m in Sources */,
				416A7DDB1653E47C0005E9E3 /* MKNetworkOperation.m in Sources */,
				416A7DDC1653E47C0005E9E3 /* Reachability.m in Sources */,
				416A7DE61653E56E0005E9E3 /* APIManager.m in Sources */,
				05B1FE1C1653E7200079FE20 /* CHPMainTabBarViewController.m in Sources */,
				05B1FE231653E84F0079FE20 /* CHPBizKimizTableViewController.m in Sources */,
				05B1FE291653E89F0079FE20 /* CHPYoneticilerTableViewController.m in Sources */,
				05B1FE2C1653EADE0079FE20 /* CHPHaberCollectionViewController.m in Sources */,
				05B1FE321653EF040079FE20 /* CHPHaberNavigationController.m in Sources */,
				05B1FE351653EF810079FE20 /* CHPYoneticilerNavigationController.m in Sources */,
				05B1FE381653F1490079FE20 /* CHPBizKimizNavigationController.m in Sources */,
				AE95D7ED1654D8DA000AE76A /* CHPBizKimizDetailViewController.m in Sources */,
				41BFE50B165533FF00EB2EA0 /* CHPNewsItem.m in Sources */,
				056C07E916554198005D5D5D /* CHPYoneticilerKategoriViewController.m in Sources */,
				056C07ED1655487B005D5D5D /* CHPYoneticilerDetailViewController.m in Sources */,
				0578DB6E165668F400131BD8 /* CHPContact.m in Sources */,
				AE257C7C1656851D007EC17F /* CHPNavigationController.m in Sources */,
				41BFE53E16568BB900EB2EA0 /* CHPContactManager.m in Sources */,
				AEBA5344165A5AF80056E596 /* CHPHaberDetailTableViewController.m in Sources */,
				AEBA5347165A65650056E596 /* CHPHaberFlowLayout.m in Sources */,
				0568007B165E2D560005D3C7 /* CHPSearchTableViewController.m in Sources */,
				05680083165E6A2F0005D3C7 /* CHPSearchTableViewCell.m in Sources */,
			);
			runOnlyForDeploymentPostprocessing = 0;
		};
/* End PBXSourcesBuildPhase section */

/* Begin PBXVariantGroup section */
		05B1FDEE1653E16F0079FE20 /* InfoPlist.strings */ = {
			isa = PBXVariantGroup;
			children = (
				05B1FDEF1653E16F0079FE20 /* en */,
			);
			name = InfoPlist.strings;
			sourceTree = "<group>";
		};
		05B1FDFD1653E16F0079FE20 /* MainStoryboard_iPhone.storyboard */ = {
			isa = PBXVariantGroup;
			children = (
				05B1FDFE1653E16F0079FE20 /* en */,
			);
			name = MainStoryboard_iPhone.storyboard;
			sourceTree = "<group>";
		};
		05B1FE001653E16F0079FE20 /* MainStoryboard_iPad.storyboard */ = {
			isa = PBXVariantGroup;
			children = (
				05B1FE011653E16F0079FE20 /* en */,
			);
			name = MainStoryboard_iPad.storyboard;
			sourceTree = "<group>";
		};
/* End PBXVariantGroup section */

/* Begin XCBuildConfiguration section */
		05B1FE111653E16F0079FE20 /* Debug */ = {
			isa = XCBuildConfiguration;
			buildSettings = {
				ALWAYS_SEARCH_USER_PATHS = NO;
				CLANG_CXX_LANGUAGE_STANDARD = "gnu++0x";
				CLANG_CXX_LIBRARY = "libc++";
				CLANG_ENABLE_OBJC_ARC = YES;
				CLANG_WARN_EMPTY_BODY = YES;
				CLANG_WARN__DUPLICATE_METHOD_MATCH = YES;
				"CODE_SIGN_IDENTITY[sdk=iphoneos*]" = "iPhone Developer";
				COPY_PHASE_STRIP = NO;
				GCC_C_LANGUAGE_STANDARD = gnu99;
				GCC_DYNAMIC_NO_PIC = NO;
				GCC_OPTIMIZATION_LEVEL = 0;
				GCC_PREPROCESSOR_DEFINITIONS = (
					"DEBUG=1",
					"$(inherited)",
				);
				GCC_SYMBOLS_PRIVATE_EXTERN = NO;
				GCC_WARN_ABOUT_RETURN_TYPE = YES;
				GCC_WARN_UNINITIALIZED_AUTOS = YES;
				GCC_WARN_UNUSED_VARIABLE = YES;
				IPHONEOS_DEPLOYMENT_TARGET = 6.0;
				ONLY_ACTIVE_ARCH = YES;
				SDKROOT = iphoneos;
				TARGETED_DEVICE_FAMILY = "1,2";
			};
			name = Debug;
		};
		05B1FE121653E16F0079FE20 /* Release */ = {
			isa = XCBuildConfiguration;
			buildSettings = {
				ALWAYS_SEARCH_USER_PATHS = NO;
				CLANG_CXX_LANGUAGE_STANDARD = "gnu++0x";
				CLANG_CXX_LIBRARY = "libc++";
				CLANG_ENABLE_OBJC_ARC = YES;
				CLANG_WARN_EMPTY_BODY = YES;
				CLANG_WARN__DUPLICATE_METHOD_MATCH = YES;
				"CODE_SIGN_IDENTITY[sdk=iphoneos*]" = "iPhone Developer";
				COPY_PHASE_STRIP = YES;
				GCC_C_LANGUAGE_STANDARD = gnu99;
				GCC_WARN_ABOUT_RETURN_TYPE = YES;
				GCC_WARN_UNINITIALIZED_AUTOS = YES;
				GCC_WARN_UNUSED_VARIABLE = YES;
				IPHONEOS_DEPLOYMENT_TARGET = 6.0;
				OTHER_CFLAGS = "-DNS_BLOCK_ASSERTIONS=1";
				SDKROOT = iphoneos;
				TARGETED_DEVICE_FAMILY = "1,2";
				VALIDATE_PRODUCT = YES;
			};
			name = Release;
		};
		05B1FE141653E16F0079FE20 /* Debug */ = {
			isa = XCBuildConfiguration;
			buildSettings = {
				GCC_PRECOMPILE_PREFIX_HEADER = YES;
				GCC_PREFIX_HEADER = "CHP-Mobil/CHP-Mobil-Prefix.pch";
				INFOPLIST_FILE = "CHP-Mobil/CHP-Mobil-Info.plist";
				PRODUCT_NAME = "$(TARGET_NAME)";
				TARGETED_DEVICE_FAMILY = 1;
				WRAPPER_EXTENSION = app;
			};
			name = Debug;
		};
		05B1FE151653E16F0079FE20 /* Release */ = {
			isa = XCBuildConfiguration;
			buildSettings = {
				GCC_PRECOMPILE_PREFIX_HEADER = YES;
				GCC_PREFIX_HEADER = "CHP-Mobil/CHP-Mobil-Prefix.pch";
				INFOPLIST_FILE = "CHP-Mobil/CHP-Mobil-Info.plist";
				PRODUCT_NAME = "$(TARGET_NAME)";
				TARGETED_DEVICE_FAMILY = 1;
				WRAPPER_EXTENSION = app;
			};
			name = Release;
		};
/* End XCBuildConfiguration section */

/* Begin XCConfigurationList section */
		05B1FDDB1653E16F0079FE20 /* Build configuration list for PBXProject "CHP-Mobil" */ = {
			isa = XCConfigurationList;
			buildConfigurations = (
				05B1FE111653E16F0079FE20 /* Debug */,
				05B1FE121653E16F0079FE20 /* Release */,
			);
			defaultConfigurationIsVisible = 0;
			defaultConfigurationName = Release;
		};
		05B1FE131653E16F0079FE20 /* Build configuration list for PBXNativeTarget "CHP-Mobil" */ = {
			isa = XCConfigurationList;
			buildConfigurations = (
				05B1FE141653E16F0079FE20 /* Debug */,
				05B1FE151653E16F0079FE20 /* Release */,
			);
			defaultConfigurationIsVisible = 0;
			defaultConfigurationName = Release;
		};
/* End XCConfigurationList section */
	};
	rootObject = 05B1FDD81653E16F0079FE20 /* Project object */;
}
